
Microsoft Visual Studio Solution File, Format Version 12.00
# Visual Studio Version 17
VisualStudioVersion = 17.10.35013.160
MinimumVisualStudioVersion = 10.0.40219.1
Project("{803FD0C6-D64E-4E16-9DC3-1DAEC859A3D2}") = "test_pthread", "test_pthread\test_pthread.vgdbcmake", "{71E66F8D-A212-40C2-B8E2-B25E8B3D4BD1}"
EndProject
Global
	GlobalSection(SolutionConfigurationPlatforms) = preSolution
		Debug|VisualGDB = Debug|VisualGDB
		MinSizeRel|VisualGDB = MinSizeRel|VisualGDB
		Release|VisualGDB = Release|VisualGDB
		RelWithDebInfo|VisualGDB = RelWithDebInfo|VisualGDB
	EndGlobalSection
	GlobalSection(ProjectConfigurationPlatforms) = postSolution
		{71E66F8D-A212-40C2-B8E2-B25E8B3D4BD1}.Debug|VisualGDB.ActiveCfg = Debug|VisualGDB
		{71E66F8D-A212-40C2-B8E2-B25E8B3D4BD1}.Debug|VisualGDB.Build.0 = Debug|VisualGDB
		{71E66F8D-A212-40C2-B8E2-B25E8B3D4BD1}.MinSizeRel|VisualGDB.ActiveCfg = MinSizeRel|VisualGDB
		{71E66F8D-A212-40C2-B8E2-B25E8B3D4BD1}.MinSizeRel|VisualGDB.Build.0 = MinSizeRel|VisualGDB
		{71E66F8D-A212-40C2-B8E2-B25E8B3D4BD1}.Release|VisualGDB.ActiveCfg = Release|VisualGDB
		{71E66F8D-A212-40C2-B8E2-B25E8B3D4BD1}.Release|VisualGDB.Build.0 = Release|VisualGDB
		{71E66F8D-A212-40C2-B8E2-B25E8B3D4BD1}.RelWithDebInfo|VisualGDB.ActiveCfg = RelWithDebInfo|VisualGDB
		{71E66F8D-A212-40C2-B8E2-B25E8B3D4BD1}.RelWithDebInfo|VisualGDB.Build.0 = RelWithDebInfo|VisualGDB
	EndGlobalSection
	GlobalSection(SolutionProperties) = preSolution
		HideSolutionNode = FALSE
	EndGlobalSection
EndGlobal
